// !$*UTF8*$!
{
	archiveVersion = 1;
	classes = {
	};
	objectVersion = 51;
	objects = {

/* Begin PBXBuildFile section */
		6E2ACD1922D3DF9C0052E4E8 /* InstagramIDS.swift in Sources */ = {isa = PBXBuildFile; fileRef = 6E2ACD1822D3DF9C0052E4E8 /* InstagramIDS.swift */; };
		6E5927FD22CFECD500C6D3F9 /* AppDelegate.swift in Sources */ = {isa = PBXBuildFile; fileRef = 6E5927FC22CFECD500C6D3F9 /* AppDelegate.swift */; };
		6E5927FF22CFECD500C6D3F9 /* TaskVC.swift in Sources */ = {isa = PBXBuildFile; fileRef = 6E5927FE22CFECD500C6D3F9 /* TaskVC.swift */; };
		6E59280222CFECD500C6D3F9 /* Main.storyboard in Resources */ = {isa = PBXBuildFile; fileRef = 6E59280022CFECD500C6D3F9 /* Main.storyboard */; };
		6E59280422CFECD500C6D3F9 /* Assets.xcassets in Resources */ = {isa = PBXBuildFile; fileRef = 6E59280322CFECD500C6D3F9 /* Assets.xcassets */; };
		6E59280722CFECD500C6D3F9 /* LaunchScreen.storyboard in Resources */ = {isa = PBXBuildFile; fileRef = 6E59280522CFECD500C6D3F9 /* LaunchScreen.storyboard */; };
		6E59281422CFEE2000C6D3F9 /* GoogleService-Info.plist in Resources */ = {isa = PBXBuildFile; fileRef = 6E59281322CFEE2000C6D3F9 /* GoogleService-Info.plist */; };
		6E59281622CFF0C400C6D3F9 /* DataService.swift in Sources */ = {isa = PBXBuildFile; fileRef = 6E59281522CFF0C400C6D3F9 /* DataService.swift */; };
		6E59281822D0004D00C6D3F9 /* AuthVC.swift in Sources */ = {isa = PBXBuildFile; fileRef = 6E59281722D0004D00C6D3F9 /* AuthVC.swift */; };
		6E59281A22D0008600C6D3F9 /* LoginVC.swift in Sources */ = {isa = PBXBuildFile; fileRef = 6E59281922D0008600C6D3F9 /* LoginVC.swift */; };
		6E59281C22D000F100C6D3F9 /* InsetTextField.swift in Sources */ = {isa = PBXBuildFile; fileRef = 6E59281B22D000F100C6D3F9 /* InsetTextField.swift */; };
		6E59281E22D0072900C6D3F9 /* ShadowView.swift in Sources */ = {isa = PBXBuildFile; fileRef = 6E59281D22D0072900C6D3F9 /* ShadowView.swift */; };
		6E59282022D00D8900C6D3F9 /* AuthService.swift in Sources */ = {isa = PBXBuildFile; fileRef = 6E59281F22D00D8900C6D3F9 /* AuthService.swift */; };
		6E699BA422D0DFD600DD0333 /* TaskCell.swift in Sources */ = {isa = PBXBuildFile; fileRef = 6E699BA322D0DFD600DD0333 /* TaskCell.swift */; };
		6E699BA622D0E21D00DD0333 /* Task.swift in Sources */ = {isa = PBXBuildFile; fileRef = 6E699BA522D0E21D00DD0333 /* Task.swift */; };
		F54DA47858D1C4B6173B6317 /* Pods_TaskList.framework in Frameworks */ = {isa = PBXBuildFile; fileRef = 612CD899664B5F351665873B /* Pods_TaskList.framework */; };
/* End PBXBuildFile section */

/* Begin PBXFileReference section */
		489336657FF789B0C70A1123 /* Pods-TaskList.debug.xcconfig */ = {isa = PBXFileReference; includeInIndex = 1; lastKnownFileType = text.xcconfig; name = "Pods-TaskList.debug.xcconfig"; path = "Target Support Files/Pods-TaskList/Pods-TaskList.debug.xcconfig"; sourceTree = "<group>"; };
		612CD899664B5F351665873B /* Pods_TaskList.framework */ = {isa = PBXFileReference; explicitFileType = wrapper.framework; includeInIndex = 0; path = Pods_TaskList.framework; sourceTree = BUILT_PRODUCTS_DIR; };
		6E2ACD1822D3DF9C0052E4E8 /* InstagramIDS.swift */ = {isa = PBXFileReference; lastKnownFileType = sourcecode.swift; path = InstagramIDS.swift; sourceTree = "<group>"; };
		6E5927F922CFECD400C6D3F9 /* TaskList.app */ = {isa = PBXFileReference; explicitFileType = wrapper.application; includeInIndex = 0; path = TaskList.app; sourceTree = BUILT_PRODUCTS_DIR; };
		6E5927FC22CFECD500C6D3F9 /* AppDelegate.swift */ = {isa = PBXFileReference; lastKnownFileType = sourcecode.swift; path = AppDelegate.swift; sourceTree = "<group>"; };
		6E5927FE22CFECD500C6D3F9 /* TaskVC.swift */ = {isa = PBXFileReference; lastKnownFileType = sourcecode.swift; path = TaskVC.swift; sourceTree = "<group>"; };
		6E59280122CFECD500C6D3F9 /* Base */ = {isa = PBXFileReference; lastKnownFileType = file.storyboard; name = Base; path = Base.lproj/Main.storyboard; sourceTree = "<group>"; };
		6E59280322CFECD500C6D3F9 /* Assets.xcassets */ = {isa = PBXFileReference; lastKnownFileType = folder.assetcatalog; path = Assets.xcassets; sourceTree = "<group>"; };
		6E59280622CFECD500C6D3F9 /* Base */ = {isa = PBXFileReference; lastKnownFileType = file.storyboard; name = Base; path = Base.lproj/LaunchScreen.storyboard; sourceTree = "<group>"; };
		6E59280822CFECD500C6D3F9 /* Info.plist */ = {isa = PBXFileReference; lastKnownFileType = text.plist.xml; path = Info.plist; sourceTree = "<group>"; };
		6E59281322CFEE2000C6D3F9 /* GoogleService-Info.plist */ = {isa = PBXFileReference; fileEncoding = 4; lastKnownFileType = text.plist.xml; path = "GoogleService-Info.plist"; sourceTree = "<group>"; };
		6E59281522CFF0C400C6D3F9 /* DataService.swift */ = {isa = PBXFileReference; lastKnownFileType = sourcecode.swift; path = DataService.swift; sourceTree = "<group>"; };
		6E59281722D0004D00C6D3F9 /* AuthVC.swift */ = {isa = PBXFileReference; lastKnownFileType = sourcecode.swift; path = AuthVC.swift; sourceTree = "<group>"; };
		6E59281922D0008600C6D3F9 /* LoginVC.swift */ = {isa = PBXFileReference; lastKnownFileType = sourcecode.swift; path = LoginVC.swift; sourceTree = "<group>"; };
		6E59281B22D000F100C6D3F9 /* InsetTextField.swift */ = {isa = PBXFileReference; lastKnownFileType = sourcecode.swift; path = InsetTextField.swift; sourceTree = "<group>"; };
		6E59281D22D0072900C6D3F9 /* ShadowView.swift */ = {isa = PBXFileReference; lastKnownFileType = sourcecode.swift; path = ShadowView.swift; sourceTree = "<group>"; };
		6E59281F22D00D8900C6D3F9 /* AuthService.swift */ = {isa = PBXFileReference; lastKnownFileType = sourcecode.swift; path = AuthService.swift; sourceTree = "<group>"; };
		6E699BA322D0DFD600DD0333 /* TaskCell.swift */ = {isa = PBXFileReference; lastKnownFileType = sourcecode.swift; path = TaskCell.swift; sourceTree = "<group>"; };
		6E699BA522D0E21D00DD0333 /* Task.swift */ = {isa = PBXFileReference; lastKnownFileType = sourcecode.swift; path = Task.swift; sourceTree = "<group>"; };
		DE1E0E2900F01DEA228E1D7C /* Pods-TaskList.release.xcconfig */ = {isa = PBXFileReference; includeInIndex = 1; lastKnownFileType = text.xcconfig; name = "Pods-TaskList.release.xcconfig"; path = "Target Support Files/Pods-TaskList/Pods-TaskList.release.xcconfig"; sourceTree = "<group>"; };
/* End PBXFileReference section */

/* Begin PBXFrameworksBuildPhase section */
		6E5927F622CFECD400C6D3F9 /* Frameworks */ = {
			isa = PBXFrameworksBuildPhase;
			buildActionMask = 2147483647;
			files = (
				F54DA47858D1C4B6173B6317 /* Pods_TaskList.framework in Frameworks */,
			);
			runOnlyForDeploymentPostprocessing = 0;
		};
/* End PBXFrameworksBuildPhase section */

/* Begin PBXGroup section */
		3BC129F2C233C451490DB68E /* Pods */ = {
			isa = PBXGroup;
			children = (
				489336657FF789B0C70A1123 /* Pods-TaskList.debug.xcconfig */,
				DE1E0E2900F01DEA228E1D7C /* Pods-TaskList.release.xcconfig */,
			);
			path = Pods;
			sourceTree = "<group>";
		};
		6E5927F022CFECD400C6D3F9 = {
			isa = PBXGroup;
			children = (
				6E5927FB22CFECD500C6D3F9 /* TaskList */,
				6E5927FA22CFECD400C6D3F9 /* Products */,
				3BC129F2C233C451490DB68E /* Pods */,
				EC3C4EBB0C6397F956F7D714 /* Frameworks */,
			);
			sourceTree = "<group>";
		};
		6E5927FA22CFECD400C6D3F9 /* Products */ = {
			isa = PBXGroup;
			children = (
				6E5927F922CFECD400C6D3F9 /* TaskList.app */,
			);
			name = Products;
			sourceTree = "<group>";
		};
		6E5927FB22CFECD500C6D3F9 /* TaskList */ = {
			isa = PBXGroup;
			children = (
				6E59281222CFED6600C6D3F9 /* Services */,
				6E59281022CFED2F00C6D3F9 /* Model */,
				6E59280F22CFED1E00C6D3F9 /* View */,
				6E59280E22CFED0900C6D3F9 /* Controller */,
				6E59280022CFECD500C6D3F9 /* Main.storyboard */,
				6E5927FC22CFECD500C6D3F9 /* AppDelegate.swift */,
				6E59280322CFECD500C6D3F9 /* Assets.xcassets */,
				6E59280522CFECD500C6D3F9 /* LaunchScreen.storyboard */,
				6E59281322CFEE2000C6D3F9 /* GoogleService-Info.plist */,
				6E59280822CFECD500C6D3F9 /* Info.plist */,
			);
			path = TaskList;
			sourceTree = "<group>";
		};
		6E59280E22CFED0900C6D3F9 /* Controller */ = {
			isa = PBXGroup;
			children = (
				6E5927FE22CFECD500C6D3F9 /* TaskVC.swift */,
				6E59281722D0004D00C6D3F9 /* AuthVC.swift */,
				6E59281922D0008600C6D3F9 /* LoginVC.swift */,
			);
			path = Controller;
			sourceTree = "<group>";
		};
		6E59280F22CFED1E00C6D3F9 /* View */ = {
			isa = PBXGroup;
			children = (
				6E59281B22D000F100C6D3F9 /* InsetTextField.swift */,
				6E59281D22D0072900C6D3F9 /* ShadowView.swift */,
				6E699BA322D0DFD600DD0333 /* TaskCell.swift */,
			);
			path = View;
			sourceTree = "<group>";
		};
		6E59281022CFED2F00C6D3F9 /* Model */ = {
			isa = PBXGroup;
			children = (
				6E699BA522D0E21D00DD0333 /* Task.swift */,
			);
			path = Model;
			sourceTree = "<group>";
		};
		6E59281222CFED6600C6D3F9 /* Services */ = {
			isa = PBXGroup;
			children = (
				6E59281522CFF0C400C6D3F9 /* DataService.swift */,
				6E59281F22D00D8900C6D3F9 /* AuthService.swift */,
				6E2ACD1822D3DF9C0052E4E8 /* InstagramIDS.swift */,
			);
			path = Services;
			sourceTree = "<group>";
		};
		EC3C4EBB0C6397F956F7D714 /* Frameworks */ = {
			isa = PBXGroup;
			children = (
				612CD899664B5F351665873B /* Pods_TaskList.framework */,
			);
			name = Frameworks;
			sourceTree = "<group>";
		};
/* End PBXGroup section */

/* Begin PBXNativeTarget section */
		6E5927F822CFECD400C6D3F9 /* TaskList */ = {
			isa = PBXNativeTarget;
			buildConfigurationList = 6E59280B22CFECD500C6D3F9 /* Build configuration list for PBXNativeTarget "TaskList" */;
			buildPhases = (
				C1DD2578F79D834CF9431B9E /* [CP] Check Pods Manifest.lock */,
				6E5927F522CFECD400C6D3F9 /* Sources */,
				6E5927F622CFECD400C6D3F9 /* Frameworks */,
				6E5927F722CFECD400C6D3F9 /* Resources */,
				AD2A934BF2CE4F15229C3C23 /* [CP] Embed Pods Frameworks */,
			);
			buildRules = (
			);
			dependencies = (
			);
			name = TaskList;
			productName = TaskList;
			productReference = 6E5927F922CFECD400C6D3F9 /* TaskList.app */;
			productType = "com.apple.product-type.application";
		};
/* End PBXNativeTarget section */

/* Begin PBXProject section */
		6E5927F122CFECD400C6D3F9 /* Project object */ = {
			isa = PBXProject;
			attributes = {
				LastSwiftUpdateCheck = 1010;
				LastUpgradeCheck = 1010;
				ORGANIZATIONNAME = "Дмитрий Ага";
				TargetAttributes = {
					6E5927F822CFECD400C6D3F9 = {
						CreatedOnToolsVersion = 10.1;
					};
				};
			};
			buildConfigurationList = 6E5927F422CFECD400C6D3F9 /* Build configuration list for PBXProject "TaskList" */;
			compatibilityVersion = "Xcode 9.3";
			developmentRegion = en;
			hasScannedForEncodings = 0;
			knownRegions = (
				en,
				Base,
			);
			mainGroup = 6E5927F022CFECD400C6D3F9;
			productRefGroup = 6E5927FA22CFECD400C6D3F9 /* Products */;
			projectDirPath = "";
			projectRoot = "";
			targets = (
				6E5927F822CFECD400C6D3F9 /* TaskList */,
			);
		};
/* End PBXProject section */

/* Begin PBXResourcesBuildPhase section */
		6E5927F722CFECD400C6D3F9 /* Resources */ = {
			isa = PBXResourcesBuildPhase;
			buildActionMask = 2147483647;
			files = (
				6E59280722CFECD500C6D3F9 /* LaunchScreen.storyboard in Resources */,
				6E59281422CFEE2000C6D3F9 /* GoogleService-Info.plist in Resources */,
				6E59280422CFECD500C6D3F9 /* Assets.xcassets in Resources */,
				6E59280222CFECD500C6D3F9 /* Main.storyboard in Resources */,
			);
			runOnlyForDeploymentPostprocessing = 0;
		};
/* End PBXResourcesBuildPhase section */

/* Begin PBXShellScriptBuildPhase section */
		AD2A934BF2CE4F15229C3C23 /* [CP] Embed Pods Frameworks */ = {
			isa = PBXShellScriptBuildPhase;
			buildActionMask = 2147483647;
			files = (
			);
			inputFileListPaths = (
				"${PODS_ROOT}/Target Support Files/Pods-TaskList/Pods-TaskList-frameworks-${CONFIGURATION}-input-files.xcfilelist",
			);
			name = "[CP] Embed Pods Frameworks";
			outputFileListPaths = (
				"${PODS_ROOT}/Target Support Files/Pods-TaskList/Pods-TaskList-frameworks-${CONFIGURATION}-output-files.xcfilelist",
			);
			runOnlyForDeploymentPostprocessing = 0;
			shellPath = /bin/sh;
			shellScript = "\"${PODS_ROOT}/Target Support Files/Pods-TaskList/Pods-TaskList-frameworks.sh\"\n";
			showEnvVarsInLog = 0;
		};
		C1DD2578F79D834CF9431B9E /* [CP] Check Pods Manifest.lock */ = {
			isa = PBXShellScriptBuildPhase;
			buildActionMask = 2147483647;
			files = (
			);
			inputFileListPaths = (
			);
			inputPaths = (
				"${PODS_PODFILE_DIR_PATH}/Podfile.lock",
				"${PODS_ROOT}/Manifest.lock",
			);
			name = "[CP] Check Pods Manifest.lock";
			outputFileListPaths = (
			);
			outputPaths = (
				"$(DERIVED_FILE_DIR)/Pods-TaskList-checkManifestLockResult.txt",
			);
			runOnlyForDeploymentPostprocessing = 0;
			shellPath = /bin/sh;
			shellScript = "diff \"${PODS_PODFILE_DIR_PATH}/Podfile.lock\" \"${PODS_ROOT}/Manifest.lock\" > /dev/null\nif [ $? != 0 ] ; then\n    # print error to STDERR\n    echo \"error: The sandbox is not in sync with the Podfile.lock. Run 'pod install' or update your CocoaPods installation.\" >&2\n    exit 1\nfi\n# This output is used by Xcode 'outputs' to avoid re-running this script phase.\necho \"SUCCESS\" > \"${SCRIPT_OUTPUT_FILE_0}\"\n";
			showEnvVarsInLog = 0;
		};
/* End PBXShellScriptBuildPhase section */

/* Begin PBXSourcesBuildPhase section */
		6E5927F522CFECD400C6D3F9 /* Sources */ = {
			isa = PBXSourcesBuildPhase;
			buildActionMask = 2147483647;
			files = (
				6E59281622CFF0C400C6D3F9 /* DataService.swift in Sources */,
				6E5927FF22CFECD500C6D3F9 /* TaskVC.swift in Sources */,
				6E699BA622D0E21D00DD0333 /* Task.swift in Sources */,
				6E59281822D0004D00C6D3F9 /* AuthVC.swift in Sources */,
				6E5927FD22CFECD500C6D3F9 /* AppDelegate.swift in Sources */,
				6E59281A22D0008600C6D3F9 /* LoginVC.swift in Sources */,
				6E2ACD1922D3DF9C0052E4E8 /* InstagramIDS.swift in Sources */,
				6E59281C22D000F100C6D3F9 /* InsetTextField.swift in Sources */,
				6E59281E22D0072900C6D3F9 /* ShadowView.swift in Sources */,
				6E699BA422D0DFD600DD0333 /* TaskCell.swift in Sources */,
				6E59282022D00D8900C6D3F9 /* AuthService.swift in Sources */,
			);
			runOnlyForDeploymentPostprocessing = 0;
		};
/* End PBXSourcesBuildPhase section */

/* Begin PBXVariantGroup section */
		6E59280022CFECD500C6D3F9 /* Main.storyboard */ = {
			isa = PBXVariantGroup;
			children = (
				6E59280122CFECD500C6D3F9 /* Base */,
			);
			name = Main.storyboard;
			sourceTree = "<group>";
		};
		6E59280522CFECD500C6D3F9 /* LaunchScreen.storyboard */ = {
			isa = PBXVariantGroup;
			children = (
				6E59280622CFECD500C6D3F9 /* Base */,
			);
			name = LaunchScreen.storyboard;
			sourceTree = "<group>";
		};
/* End PBXVariantGroup section */

/* Begin XCBuildConfiguration section */
		6E59280922CFECD500C6D3F9 /* Debug */ = {
			isa = XCBuildConfiguration;
			buildSettings = {
				ALWAYS_SEARCH_USER_PATHS = NO;
				CLANG_ANALYZER_NONNULL = YES;
				CLANG_ANALYZER_NUMBER_OBJECT_CONVERSION = YES_AGGRESSIVE;
				CLANG_CXX_LANGUAGE_STANDARD = "gnu++14";
				CLANG_CXX_LIBRARY = "libc++";
				CLANG_ENABLE_MODULES = YES;
				CLANG_ENABLE_OBJC_ARC = YES;
				CLANG_ENABLE_OBJC_WEAK = YES;
				CLANG_WARN_BLOCK_CAPTURE_AUTORELEASING = YES;
				CLANG_WARN_BOOL_CONVERSION = YES;
				CLANG_WARN_COMMA = YES;
				CLANG_WARN_CONSTANT_CONVERSION = YES;
				CLANG_WARN_DEPRECATED_OBJC_IMPLEMENTATIONS = YES;
				CLANG_WARN_DIRECT_OBJC_ISA_USAGE = YES_ERROR;
				CLANG_WARN_DOCUMENTATION_COMMENTS = YES;
				CLANG_WARN_EMPTY_BODY = YES;
				CLANG_WARN_ENUM_CONVERSION = YES;
				CLANG_WARN_INFINITE_RECURSION = YES;
				CLANG_WARN_INT_CONVERSION = YES;
				CLANG_WARN_NON_LITERAL_NULL_CONVERSION = YES;
				CLANG_WARN_OBJC_IMPLICIT_RETAIN_SELF = YES;
				CLANG_WARN_OBJC_LITERAL_CONVERSION = YES;
				CLANG_WARN_OBJC_ROOT_CLASS = YES_ERROR;
				CLANG_WARN_RANGE_LOOP_ANALYSIS = YES;
				CLANG_WARN_STRICT_PROTOTYPES = YES;
				CLANG_WARN_SUSPICIOUS_MOVE = YES;
				CLANG_WARN_UNGUARDED_AVAILABILITY = YES_AGGRESSIVE;
				CLANG_WARN_UNREACHABLE_CODE = YES;
				CLANG_WARN__DUPLICATE_METHOD_MATCH = YES;
				CODE_SIGN_IDENTITY = "iPhone Developer";
				COPY_PHASE_STRIP = NO;
				DEBUG_INFORMATION_FORMAT = dwarf;
				ENABLE_STRICT_OBJC_MSGSEND = YES;
				ENABLE_TESTABILITY = YES;
				GCC_C_LANGUAGE_STANDARD = gnu11;
				GCC_DYNAMIC_NO_PIC = NO;
				GCC_NO_COMMON_BLOCKS = YES;
				GCC_OPTIMIZATION_LEVEL = 0;
				GCC_PREPROCESSOR_DEFINITIONS = (
					"DEBUG=1",
					"$(inherited)",
				);
				GCC_WARN_64_TO_32_BIT_CONVERSION = YES;
				GCC_WARN_ABOUT_RETURN_TYPE = YES_ERROR;
				GCC_WARN_UNDECLARED_SELECTOR = YES;
				GCC_WARN_UNINITIALIZED_AUTOS = YES_AGGRESSIVE;
				GCC_WARN_UNUSED_FUNCTION = YES;
				GCC_WARN_UNUSED_VARIABLE = YES;
				IPHONEOS_DEPLOYMENT_TARGET = 12.1;
				MTL_ENABLE_DEBUG_INFO = INCLUDE_SOURCE;
				MTL_FAST_MATH = YES;
				ONLY_ACTIVE_ARCH = YES;
				SDKROOT = iphoneos;
				SWIFT_ACTIVE_COMPILATION_CONDITIONS = DEBUG;
				SWIFT_OPTIMIZATION_LEVEL = "-Onone";
			};
			name = Debug;
		};
		6E59280A22CFECD500C6D3F9 /* Release */ = {
			isa = XCBuildConfiguration;
			buildSettings = {
				ALWAYS_SEARCH_USER_PATHS = NO;
				CLANG_ANALYZER_NONNULL = YES;
				CLANG_ANALYZER_NUMBER_OBJECT_CONVERSION = YES_AGGRESSIVE;
				CLANG_CXX_LANGUAGE_STANDARD = "gnu++14";
				CLANG_CXX_LIBRARY = "libc++";
				CLANG_ENABLE_MODULES = YES;
				CLANG_ENABLE_OBJC_ARC = YES;
				CLANG_ENABLE_OBJC_WEAK = YES;
				CLANG_WARN_BLOCK_CAPTURE_AUTORELEASING = YES;
				CLANG_WARN_BOOL_CONVERSION = YES;
				CLANG_WARN_COMMA = YES;
				CLANG_WARN_CONSTANT_CONVERSION = YES;
				CLANG_WARN_DEPRECATED_OBJC_IMPLEMENTATIONS = YES;
				CLANG_WARN_DIRECT_OBJC_ISA_USAGE = YES_ERROR;
				CLANG_WARN_DOCUMENTATION_COMMENTS = YES;
				CLANG_WARN_EMPTY_BODY = YES;
				CLANG_WARN_ENUM_CONVERSION = YES;
				CLANG_WARN_INFINITE_RECURSION = YES;
				CLANG_WARN_INT_CONVERSION = YES;
				CLANG_WARN_NON_LITERAL_NULL_CONVERSION = YES;
				CLANG_WARN_OBJC_IMPLICIT_RETAIN_SELF = YES;
				CLANG_WARN_OBJC_LITERAL_CONVERSION = YES;
				CLANG_WARN_OBJC_ROOT_CLASS = YES_ERROR;
				CLANG_WARN_RANGE_LOOP_ANALYSIS = YES;
				CLANG_WARN_STRICT_PROTOTYPES = YES;
				CLANG_WARN_SUSPICIOUS_MOVE = YES;
				CLANG_WARN_UNGUARDED_AVAILABILITY = YES_AGGRESSIVE;
				CLANG_WARN_UNREACHABLE_CODE = YES;
				CLANG_WARN__DUPLICATE_METHOD_MATCH = YES;
				CODE_SIGN_IDENTITY = "iPhone Developer";
				COPY_PHASE_STRIP = NO;
				DEBUG_INFORMATION_FORMAT = "dwarf-with-dsym";
				ENABLE_NS_ASSERTIONS = NO;
				ENABLE_STRICT_OBJC_MSGSEND = YES;
				GCC_C_LANGUAGE_STANDARD = gnu11;
				GCC_NO_COMMON_BLOCKS = YES;
				GCC_WARN_64_TO_32_BIT_CONVERSION = YES;
				GCC_WARN_ABOUT_RETURN_TYPE = YES_ERROR;
				GCC_WARN_UNDECLARED_SELECTOR = YES;
				GCC_WARN_UNINITIALIZED_AUTOS = YES_AGGRESSIVE;
				GCC_WARN_UNUSED_FUNCTION = YES;
				GCC_WARN_UNUSED_VARIABLE = YES;
				IPHONEOS_DEPLOYMENT_TARGET = 12.1;
				MTL_ENABLE_DEBUG_INFO = NO;
				MTL_FAST_MATH = YES;
				SDKROOT = iphoneos;
				SWIFT_COMPILATION_MODE = wholemodule;
				SWIFT_OPTIMIZATION_LEVEL = "-O";
				VALIDATE_PRODUCT = YES;
			};
			name = Release;
		};
		6E59280C22CFECD500C6D3F9 /* Debug */ = {
			isa = XCBuildConfiguration;
			baseConfigurationReference = 489336657FF789B0C70A1123 /* Pods-TaskList.debug.xcconfig */;
			buildSettings = {
				ASSETCATALOG_COMPILER_APPICON_NAME = AppIcon;
				CODE_SIGN_STYLE = Automatic;
				DEVELOPMENT_TEAM = K3HN8YB79D;
				INFOPLIST_FILE = TaskList/Info.plist;
				LD_RUNPATH_SEARCH_PATHS = (
					"$(inherited)",
					"@executable_path/Frameworks",
				);
				PRODUCT_BUNDLE_IDENTIFIER = AgaDU.TaskList;
				PRODUCT_NAME = "$(TARGET_NAME)";
				SWIFT_VERSION = 4.2;
				TARGETED_DEVICE_FAMILY = "1,2";
			};
			name = Debug;
		};
		6E59280D22CFECD500C6D3F9 /* Release */ = {
			isa = XCBuildConfiguration;
			baseConfigurationReference = DE1E0E2900F01DEA228E1D7C /* Pods-TaskList.release.xcconfig */;
			buildSettings = {
				ASSETCATALOG_COMPILER_APPICON_NAME = AppIcon;
				CODE_SIGN_STYLE = Automatic;
				DEVELOPMENT_TEAM = K3HN8YB79D;
				INFOPLIST_FILE = TaskList/Info.plist;
				LD_RUNPATH_SEARCH_PATHS = (
					"$(inherited)",
					"@executable_path/Frameworks",
				);
				PRODUCT_BUNDLE_IDENTIFIER = AgaDU.TaskList;
				PRODUCT_NAME = "$(TARGET_NAME)";
				SWIFT_VERSION = 4.2;
				TARGETED_DEVICE_FAMILY = "1,2";
			};
			name = Release;
		};
/* End XCBuildConfiguration section */

/* Begin XCConfigurationList section */
		6E5927F422CFECD400C6D3F9 /* Build configuration list for PBXProject "TaskList" */ = {
			isa = XCConfigurationList;
			buildConfigurations = (
				6E59280922CFECD500C6D3F9 /* Debug */,
				6E59280A22CFECD500C6D3F9 /* Release */,
			);
			defaultConfigurationIsVisible = 0;
			defaultConfigurationName = Release;
		};
		6E59280B22CFECD500C6D3F9 /* Build configuration list for PBXNativeTarget "TaskList" */ = {
			isa = XCConfigurationList;
			buildConfigurations = (
				6E59280C22CFECD500C6D3F9 /* Debug */,
				6E59280D22CFECD500C6D3F9 /* Release */,
			);
			defaultConfigurationIsVisible = 0;
			defaultConfigurationName = Release;
		};
/* End XCConfigurationList section */
	};
	rootObject = 6E5927F122CFECD400C6D3F9 /* Project object */;
}
